// !$*UTF8*$!
{
	archiveVersion = 1;
	classes = {
	};
	objectVersion = 77;
	objects = {

/* Begin PBXContainerItemProxy section */
		A1D2C1322D574C8A002E22C4 /* PBXContainerItemProxy */ = {
			isa = PBXContainerItemProxy;
			containerPortal = A1D2C1192D574C89002E22C4 /* Project object */;
			proxyType = 1;
			remoteGlobalIDString = A1D2C1202D574C89002E22C4;
			remoteInfo = PingMe;
		};
		A1D2C13C2D574C8A002E22C4 /* PBXContainerItemProxy */ = {
			isa = PBXContainerItemProxy;
			containerPortal = A1D2C1192D574C89002E22C4 /* Project object */;
			proxyType = 1;
			remoteGlobalIDString = A1D2C1202D574C89002E22C4;
			remoteInfo = PingMe;
		};
/* End PBXContainerItemProxy section */

/* Begin PBXFileReference section */
		A10A49FA2D7628B600700A95 /* PingMe.app */ = {isa = PBXFileReference; explicitFileType = wrapper.application; includeInIndex = 0; path = PingMe.app; sourceTree = BUILT_PRODUCTS_DIR; };
		A10A49FB2D7628B600700A95 /* PingMeTests.xctest */ = {isa = PBXFileReference; explicitFileType = wrapper.cfbundle; includeInIndex = 0; path = PingMeTests.xctest; sourceTree = BUILT_PRODUCTS_DIR; };
		A10A49FC2D7628B600700A95 /* PingMeUITests.xctest */ = {isa = PBXFileReference; explicitFileType = wrapper.cfbundle; includeInIndex = 0; path = PingMeUITests.xctest; sourceTree = BUILT_PRODUCTS_DIR; };
		A18AC1632D763E180070BE68 /* .swiftlint.yml */ = {isa = PBXFileReference; lastKnownFileType = text.yaml; path = .swiftlint.yml; sourceTree = "<group>"; };
/* End PBXFileReference section */

/* Begin PBXFileSystemSynchronizedRootGroup section */
		A1D2C1232D574C89002E22C4 /* PingMe */ = {
			isa = PBXFileSystemSynchronizedRootGroup;
			path = PingMe;
			sourceTree = "<group>";
		};
		A1D2C1342D574C8A002E22C4 /* PingMeTests */ = {
			isa = PBXFileSystemSynchronizedRootGroup;
			path = PingMeTests;
			sourceTree = "<group>";
		};
		A1D2C13E2D574C8A002E22C4 /* PingMeUITests */ = {
			isa = PBXFileSystemSynchronizedRootGroup;
			path = PingMeUITests;
			sourceTree = "<group>";
		};
/* End PBXFileSystemSynchronizedRootGroup section */

/* Begin PBXFrameworksBuildPhase section */
		A1D2C11E2D574C89002E22C4 /* Frameworks */ = {
			isa = PBXFrameworksBuildPhase;
			buildActionMask = 2147483647;
			files = (
			);
			runOnlyForDeploymentPostprocessing = 0;
		};
		A1D2C12E2D574C8A002E22C4 /* Frameworks */ = {
			isa = PBXFrameworksBuildPhase;
			buildActionMask = 2147483647;
			files = (
			);
			runOnlyForDeploymentPostprocessing = 0;
		};
		A1D2C1382D574C8A002E22C4 /* Frameworks */ = {
			isa = PBXFrameworksBuildPhase;
			buildActionMask = 2147483647;
			files = (
			);
			runOnlyForDeploymentPostprocessing = 0;
		};
/* End PBXFrameworksBuildPhase section */

/* Begin PBXGroup section */
		A1D2C1182D574C89002E22C4 = {
			isa = PBXGroup;
			children = (
				A18AC1632D763E180070BE68 /* .swiftlint.yml */,
				A1D2C1232D574C89002E22C4 /* PingMe */,
				A1D2C1342D574C8A002E22C4 /* PingMeTests */,
				A1D2C13E2D574C8A002E22C4 /* PingMeUITests */,
				A10A49FA2D7628B600700A95 /* PingMe.app */,
				A10A49FB2D7628B600700A95 /* PingMeTests.xctest */,
				A10A49FC2D7628B600700A95 /* PingMeUITests.xctest */,
			);
			sourceTree = "<group>";
		};
/* End PBXGroup section */

/* Begin PBXNativeTarget section */
		A1D2C1202D574C89002E22C4 /* PingMe */ = {
			isa = PBXNativeTarget;
			buildConfigurationList = A1D2C1452D574C8A002E22C4 /* Build configuration list for PBXNativeTarget "PingMe" */;
			buildPhases = (
				A1D2C11D2D574C89002E22C4 /* Sources */,
				A1D2C11E2D574C89002E22C4 /* Frameworks */,
				A1D2C11F2D574C89002E22C4 /* Resources */,
			);
			buildRules = (
			);
			dependencies = (
				A18AC1612D763BEE0070BE68 /* PBXTargetDependency */,
			);
			fileSystemSynchronizedGroups = (
				A1D2C1232D574C89002E22C4 /* PingMe */,
			);
			name = PingMe;
			packageProductDependencies = (
			);
			productName = PingMe;
			productReference = A10A49FA2D7628B600700A95 /* PingMe.app */;
			productType = "com.apple.product-type.application";
		};
		A1D2C1302D574C8A002E22C4 /* PingMeTests */ = {
			isa = PBXNativeTarget;
			buildConfigurationList = A1D2C1482D574C8A002E22C4 /* Build configuration list for PBXNativeTarget "PingMeTests" */;
			buildPhases = (
				A1D2C12D2D574C8A002E22C4 /* Sources */,
				A1D2C12E2D574C8A002E22C4 /* Frameworks */,
				A1D2C12F2D574C8A002E22C4 /* Resources */,
			);
			buildRules = (
			);
			dependencies = (
				A1D2C1332D574C8A002E22C4 /* PBXTargetDependency */,
			);
			fileSystemSynchronizedGroups = (
				A1D2C1342D574C8A002E22C4 /* PingMeTests */,
			);
			name = PingMeTests;
			packageProductDependencies = (
			);
			productName = PingMeTests;
			productReference = A10A49FB2D7628B600700A95 /* PingMeTests.xctest */;
			productType = "com.apple.product-type.bundle.unit-test";
		};
		A1D2C13A2D574C8A002E22C4 /* PingMeUITests */ = {
			isa = PBXNativeTarget;
			buildConfigurationList = A1D2C14B2D574C8A002E22C4 /* Build configuration list for PBXNativeTarget "PingMeUITests" */;
			buildPhases = (
				A1D2C1372D574C8A002E22C4 /* Sources */,
				A1D2C1382D574C8A002E22C4 /* Frameworks */,
				A1D2C1392D574C8A002E22C4 /* Resources */,
			);
			buildRules = (
			);
			dependencies = (
				A1D2C13D2D574C8A002E22C4 /* PBXTargetDependency */,
			);
			fileSystemSynchronizedGroups = (
				A1D2C13E2D574C8A002E22C4 /* PingMeUITests */,
			);
			name = PingMeUITests;
			packageProductDependencies = (
			);
			productName = PingMeUITests;
			productReference = A10A49FC2D7628B600700A95 /* PingMeUITests.xctest */;
			productType = "com.apple.product-type.bundle.ui-testing";
		};
/* End PBXNativeTarget section */

/* Begin PBXProject section */
		A1D2C1192D574C89002E22C4 /* Project object */ = {
			isa = PBXProject;
			attributes = {
				BuildIndependentTargetsInParallel = 1;
				LastSwiftUpdateCheck = 1620;
				LastUpgradeCheck = 1620;
				TargetAttributes = {
					A1D2C1202D574C89002E22C4 = {
						CreatedOnToolsVersion = 16.2;
					};
					A1D2C1302D574C8A002E22C4 = {
						CreatedOnToolsVersion = 16.2;
						TestTargetID = A1D2C1202D574C89002E22C4;
					};
					A1D2C13A2D574C8A002E22C4 = {
						CreatedOnToolsVersion = 16.2;
						TestTargetID = A1D2C1202D574C89002E22C4;
					};
				};
			};
			buildConfigurationList = A1D2C11C2D574C89002E22C4 /* Build configuration list for PBXProject "PingMe" */;
			developmentRegion = en;
			hasScannedForEncodings = 0;
			knownRegions = (
				en,
				Base,
			);
			mainGroup = A1D2C1182D574C89002E22C4;
			minimizedProjectReferenceProxies = 1;
			packageReferences = (
				A18AC1132D76363E0070BE68 /* XCRemoteSwiftPackageReference "SwiftLint" */,
				A116C89F2D7ADABB00F25995 /* XCRemoteSwiftPackageReference "keychain-swift" */,
			);
			preferredProjectObjectVersion = 77;
			productRefGroup = A1D2C1182D574C89002E22C4;
			projectDirPath = "";
			projectRoot = "";
			targets = (
				A1D2C1202D574C89002E22C4 /* PingMe */,
				A1D2C1302D574C8A002E22C4 /* PingMeTests */,
				A1D2C13A2D574C8A002E22C4 /* PingMeUITests */,
			);
		};
/* End PBXProject section */

/* Begin PBXResourcesBuildPhase section */
		A1D2C11F2D574C89002E22C4 /* Resources */ = {
			isa = PBXResourcesBuildPhase;
			buildActionMask = 2147483647;
			files = (
			);
			runOnlyForDeploymentPostprocessing = 0;
		};
		A1D2C12F2D574C8A002E22C4 /* Resources */ = {
			isa = PBXResourcesBuildPhase;
			buildActionMask = 2147483647;
			files = (
			);
			runOnlyForDeploymentPostprocessing = 0;
		};
		A1D2C1392D574C8A002E22C4 /* Resources */ = {
			isa = PBXResourcesBuildPhase;
			buildActionMask = 2147483647;
			files = (
			);
			runOnlyForDeploymentPostprocessing = 0;
		};
/* End PBXResourcesBuildPhase section */

/* Begin PBXSourcesBuildPhase section */
		A1D2C11D2D574C89002E22C4 /* Sources */ = {
			isa = PBXSourcesBuildPhase;
			buildActionMask = 2147483647;
			files = (
			);
			runOnlyForDeploymentPostprocessing = 0;
		};
		A1D2C12D2D574C8A002E22C4 /* Sources */ = {
			isa = PBXSourcesBuildPhase;
			buildActionMask = 2147483647;
			files = (
			);
			runOnlyForDeploymentPostprocessing = 0;
		};
		A1D2C1372D574C8A002E22C4 /* Sources */ = {
			isa = PBXSourcesBuildPhase;
			buildActionMask = 2147483647;
			files = (
			);
			runOnlyForDeploymentPostprocessing = 0;
		};
/* End PBXSourcesBuildPhase section */

/* Begin PBXTargetDependency section */
		A18AC1612D763BEE0070BE68 /* PBXTargetDependency */ = {
			isa = PBXTargetDependency;
			productRef = A18AC1602D763BEE0070BE68 /* SwiftLintBuildToolPlugin */;
		};
		A1D2C1332D574C8A002E22C4 /* PBXTargetDependency */ = {
			isa = PBXTargetDependency;
			target = A1D2C1202D574C89002E22C4 /* PingMe */;
			targetProxy = A1D2C1322D574C8A002E22C4 /* PBXContainerItemProxy */;
		};
		A1D2C13D2D574C8A002E22C4 /* PBXTargetDependency */ = {
			isa = PBXTargetDependency;
			target = A1D2C1202D574C89002E22C4 /* PingMe */;
			targetProxy = A1D2C13C2D574C8A002E22C4 /* PBXContainerItemProxy */;
		};
/* End PBXTargetDependency section */

/* Begin XCBuildConfiguration section */
		A1D2C1432D574C8A002E22C4 /* Debug */ = {
			isa = XCBuildConfiguration;
			buildSettings = {
				ALWAYS_SEARCH_USER_PATHS = NO;
				ASSETCATALOG_COMPILER_GENERATE_SWIFT_ASSET_SYMBOL_EXTENSIONS = YES;
				CLANG_ANALYZER_NONNULL = YES;
				CLANG_ANALYZER_NUMBER_OBJECT_CONVERSION = YES_AGGRESSIVE;
				CLANG_CXX_LANGUAGE_STANDARD = "gnu++20";
				CLANG_ENABLE_MODULES = YES;
				CLANG_ENABLE_OBJC_ARC = YES;
				CLANG_ENABLE_OBJC_WEAK = YES;
				CLANG_WARN_BLOCK_CAPTURE_AUTORELEASING = YES;
				CLANG_WARN_BOOL_CONVERSION = YES;
				CLANG_WARN_COMMA = YES;
				CLANG_WARN_CONSTANT_CONVERSION = YES;
				CLANG_WARN_DEPRECATED_OBJC_IMPLEMENTATIONS = YES;
				CLANG_WARN_DIRECT_OBJC_ISA_USAGE = YES_ERROR;
				CLANG_WARN_DOCUMENTATION_COMMENTS = YES;
				CLANG_WARN_EMPTY_BODY = YES;
				CLANG_WARN_ENUM_CONVERSION = YES;
				CLANG_WARN_INFINITE_RECURSION = YES;
				CLANG_WARN_INT_CONVERSION = YES;
				CLANG_WARN_NON_LITERAL_NULL_CONVERSION = YES;
				CLANG_WARN_OBJC_IMPLICIT_RETAIN_SELF = YES;
				CLANG_WARN_OBJC_LITERAL_CONVERSION = YES;
				CLANG_WARN_OBJC_ROOT_CLASS = YES_ERROR;
				CLANG_WARN_QUOTED_INCLUDE_IN_FRAMEWORK_HEADER = YES;
				CLANG_WARN_RANGE_LOOP_ANALYSIS = YES;
				CLANG_WARN_STRICT_PROTOTYPES = YES;
				CLANG_WARN_SUSPICIOUS_MOVE = YES;
				CLANG_WARN_UNGUARDED_AVAILABILITY = YES_AGGRESSIVE;
				CLANG_WARN_UNREACHABLE_CODE = YES;
				CLANG_WARN__DUPLICATE_METHOD_MATCH = YES;
				COPY_PHASE_STRIP = NO;
				DEBUG_INFORMATION_FORMAT = dwarf;
				ENABLE_STRICT_OBJC_MSGSEND = YES;
				ENABLE_TESTABILITY = YES;
				ENABLE_USER_SCRIPT_SANDBOXING = YES;
				GCC_C_LANGUAGE_STANDARD = gnu17;
				GCC_DYNAMIC_NO_PIC = NO;
				GCC_NO_COMMON_BLOCKS = YES;
				GCC_OPTIMIZATION_LEVEL = 0;
				GCC_PREPROCESSOR_DEFINITIONS = (
					"DEBUG=1",
					"$(inherited)",
				);
				GCC_WARN_64_TO_32_BIT_CONVERSION = YES;
				GCC_WARN_ABOUT_RETURN_TYPE = YES_ERROR;
				GCC_WARN_UNDECLARED_SELECTOR = YES;
				GCC_WARN_UNINITIALIZED_AUTOS = YES_AGGRESSIVE;
				GCC_WARN_UNUSED_FUNCTION = YES;
				GCC_WARN_UNUSED_VARIABLE = YES;
				IPHONEOS_DEPLOYMENT_TARGET = 18.2;
				LOCALIZATION_PREFERS_STRING_CATALOGS = YES;
				MTL_ENABLE_DEBUG_INFO = INCLUDE_SOURCE;
				MTL_FAST_MATH = YES;
				ONLY_ACTIVE_ARCH = YES;
				SDKROOT = iphoneos;
				SWIFT_ACTIVE_COMPILATION_CONDITIONS = "DEBUG $(inherited)";
				SWIFT_OPTIMIZATION_LEVEL = "-Onone";
			};
			name = Debug;
		};
		A1D2C1442D574C8A002E22C4 /* Release */ = {
			isa = XCBuildConfiguration;
			buildSettings = {
				ALWAYS_SEARCH_USER_PATHS = NO;
				ASSETCATALOG_COMPILER_GENERATE_SWIFT_ASSET_SYMBOL_EXTENSIONS = YES;
				CLANG_ANALYZER_NONNULL = YES;
				CLANG_ANALYZER_NUMBER_OBJECT_CONVERSION = YES_AGGRESSIVE;
				CLANG_CXX_LANGUAGE_STANDARD = "gnu++20";
				CLANG_ENABLE_MODULES = YES;
				CLANG_ENABLE_OBJC_ARC = YES;
				CLANG_ENABLE_OBJC_WEAK = YES;
				CLANG_WARN_BLOCK_CAPTURE_AUTORELEASING = YES;
				CLANG_WARN_BOOL_CONVERSION = YES;
				CLANG_WARN_COMMA = YES;
				CLANG_WARN_CONSTANT_CONVERSION = YES;
				CLANG_WARN_DEPRECATED_OBJC_IMPLEMENTATIONS = YES;
				CLANG_WARN_DIRECT_OBJC_ISA_USAGE = YES_ERROR;
				CLANG_WARN_DOCUMENTATION_COMMENTS = YES;
				CLANG_WARN_EMPTY_BODY = YES;
				CLANG_WARN_ENUM_CONVERSION = YES;
				CLANG_WARN_INFINITE_RECURSION = YES;
				CLANG_WARN_INT_CONVERSION = YES;
				CLANG_WARN_NON_LITERAL_NULL_CONVERSION = YES;
				CLANG_WARN_OBJC_IMPLICIT_RETAIN_SELF = YES;
				CLANG_WARN_OBJC_LITERAL_CONVERSION = YES;
				CLANG_WARN_OBJC_ROOT_CLASS = YES_ERROR;
				CLANG_WARN_QUOTED_INCLUDE_IN_FRAMEWORK_HEADER = YES;
				CLANG_WARN_RANGE_LOOP_ANALYSIS = YES;
				CLANG_WARN_STRICT_PROTOTYPES = YES;
				CLANG_WARN_SUSPICIOUS_MOVE = YES;
				CLANG_WARN_UNGUARDED_AVAILABILITY = YES_AGGRESSIVE;
				CLANG_WARN_UNREACHABLE_CODE = YES;
				CLANG_WARN__DUPLICATE_METHOD_MATCH = YES;
				COPY_PHASE_STRIP = NO;
				DEBUG_INFORMATION_FORMAT = "dwarf-with-dsym";
				ENABLE_NS_ASSERTIONS = NO;
				ENABLE_STRICT_OBJC_MSGSEND = YES;
				ENABLE_USER_SCRIPT_SANDBOXING = YES;
				GCC_C_LANGUAGE_STANDARD = gnu17;
				GCC_NO_COMMON_BLOCKS = YES;
				GCC_WARN_64_TO_32_BIT_CONVERSION = YES;
				GCC_WARN_ABOUT_RETURN_TYPE = YES_ERROR;
				GCC_WARN_UNDECLARED_SELECTOR = YES;
				GCC_WARN_UNINITIALIZED_AUTOS = YES_AGGRESSIVE;
				GCC_WARN_UNUSED_FUNCTION = YES;
				GCC_WARN_UNUSED_VARIABLE = YES;
				IPHONEOS_DEPLOYMENT_TARGET = 18.2;
				LOCALIZATION_PREFERS_STRING_CATALOGS = YES;
				MTL_ENABLE_DEBUG_INFO = NO;
				MTL_FAST_MATH = YES;
				SDKROOT = iphoneos;
				SWIFT_COMPILATION_MODE = wholemodule;
				VALIDATE_PRODUCT = YES;
			};
			name = Release;
		};
		A1D2C1462D574C8A002E22C4 /* Debug */ = {
			isa = XCBuildConfiguration;
			buildSettings = {
				ASSETCATALOG_COMPILER_APPICON_NAME = AppIcon;
				ASSETCATALOG_COMPILER_GLOBAL_ACCENT_COLOR_NAME = AccentColor;
				CODE_SIGN_STYLE = Automatic;
				CURRENT_PROJECT_VERSION = 1;
				DEVELOPMENT_ASSET_PATHS = "\"PingMe/Preview Content\"";
				DEVELOPMENT_TEAM = 5Y3G7YQCUJ;
				ENABLE_PREVIEWS = YES;
				GENERATE_INFOPLIST_FILE = YES;
				INFOPLIST_KEY_UIApplicationSceneManifest_Generation = YES;
				INFOPLIST_KEY_UIApplicationSupportsIndirectInputEvents = YES;
				INFOPLIST_KEY_UILaunchScreen_Generation = YES;
				INFOPLIST_KEY_UILaunchStoryboardName = "Launch Screen.storyboard";
				INFOPLIST_KEY_UISupportedInterfaceOrientations_iPad = "UIInterfaceOrientationPortrait UIInterfaceOrientationPortraitUpsideDown UIInterfaceOrientationLandscapeLeft UIInterfaceOrientationLandscapeRight";
				INFOPLIST_KEY_UISupportedInterfaceOrientations_iPhone = "UIInterfaceOrientationPortrait UIInterfaceOrientationLandscapeLeft UIInterfaceOrientationLandscapeRight";
				LD_RUNPATH_SEARCH_PATHS = (
					"$(inherited)",
					"@executable_path/Frameworks",
				);
				MARKETING_VERSION = 1.0;
				PRODUCT_BUNDLE_IDENTIFIER = PingMe.PingMe;
				PRODUCT_NAME = "$(TARGET_NAME)";
				SWIFT_EMIT_LOC_STRINGS = YES;
				SWIFT_VERSION = 5.0;
				TARGETED_DEVICE_FAMILY = "1,2";
			};
			name = Debug;
		};
		A1D2C1472D574C8A002E22C4 /* Release */ = {
			isa = XCBuildConfiguration;
			buildSettings = {
				ASSETCATALOG_COMPILER_APPICON_NAME = AppIcon;
				ASSETCATALOG_COMPILER_GLOBAL_ACCENT_COLOR_NAME = AccentColor;
				CODE_SIGN_STYLE = Automatic;
				CURRENT_PROJECT_VERSION = 1;
				DEVELOPMENT_ASSET_PATHS = "\"PingMe/Preview Content\"";
				DEVELOPMENT_TEAM = 5Y3G7YQCUJ;
				ENABLE_PREVIEWS = YES;
				GENERATE_INFOPLIST_FILE = YES;
				INFOPLIST_KEY_UIApplicationSceneManifest_Generation = YES;
				INFOPLIST_KEY_UIApplicationSupportsIndirectInputEvents = YES;
				INFOPLIST_KEY_UILaunchScreen_Generation = YES;
				INFOPLIST_KEY_UILaunchStoryboardName = "Launch Screen.storyboard";
				INFOPLIST_KEY_UISupportedInterfaceOrientations_iPad = "UIInterfaceOrientationPortrait UIInterfaceOrientationPortraitUpsideDown UIInterfaceOrientationLandscapeLeft UIInterfaceOrientationLandscapeRight";
				INFOPLIST_KEY_UISupportedInterfaceOrientations_iPhone = "UIInterfaceOrientationPortrait UIInterfaceOrientationLandscapeLeft UIInterfaceOrientationLandscapeRight";
				LD_RUNPATH_SEARCH_PATHS = (
					"$(inherited)",
					"@executable_path/Frameworks",
				);
				MARKETING_VERSION = 1.0;
				PRODUCT_BUNDLE_IDENTIFIER = PingMe.PingMe;
				PRODUCT_NAME = "$(TARGET_NAME)";
				SWIFT_EMIT_LOC_STRINGS = YES;
				SWIFT_VERSION = 5.0;
				TARGETED_DEVICE_FAMILY = "1,2";
			};
			name = Release;
		};
		A1D2C1492D574C8A002E22C4 /* Debug */ = {
			isa = XCBuildConfiguration;
			buildSettings = {
				BUNDLE_LOADER = "$(TEST_HOST)";
				CODE_SIGN_STYLE = Automatic;
				CURRENT_PROJECT_VERSION = 1;
				GENERATE_INFOPLIST_FILE = YES;
				IPHONEOS_DEPLOYMENT_TARGET = 18.2;
				MARKETING_VERSION = 1.0;
				PRODUCT_BUNDLE_IDENTIFIER = PingMe.PingMeTests;
				PRODUCT_NAME = "$(TARGET_NAME)";
				SWIFT_EMIT_LOC_STRINGS = NO;
				SWIFT_VERSION = 5.0;
				TARGETED_DEVICE_FAMILY = "1,2";
				TEST_HOST = "$(BUILT_PRODUCTS_DIR)/PingMe.app/$(BUNDLE_EXECUTABLE_FOLDER_PATH)/PingMe";
			};
			name = Debug;
		};
		A1D2C14A2D574C8A002E22C4 /* Release */ = {
			isa = XCBuildConfiguration;
			buildSettings = {
				BUNDLE_LOADER = "$(TEST_HOST)";
				CODE_SIGN_STYLE = Automatic;
				CURRENT_PROJECT_VERSION = 1;
				GENERATE_INFOPLIST_FILE = YES;
				IPHONEOS_DEPLOYMENT_TARGET = 18.2;
				MARKETING_VERSION = 1.0;
				PRODUCT_BUNDLE_IDENTIFIER = PingMe.PingMeTests;
				PRODUCT_NAME = "$(TARGET_NAME)";
				SWIFT_EMIT_LOC_STRINGS = NO;
				SWIFT_VERSION = 5.0;
				TARGETED_DEVICE_FAMILY = "1,2";
				TEST_HOST = "$(BUILT_PRODUCTS_DIR)/PingMe.app/$(BUNDLE_EXECUTABLE_FOLDER_PATH)/PingMe";
			};
			name = Release;
		};
		A1D2C14C2D574C8A002E22C4 /* Debug */ = {
			isa = XCBuildConfiguration;
			buildSettings = {
				CODE_SIGN_STYLE = Automatic;
				CURRENT_PROJECT_VERSION = 1;
				GENERATE_INFOPLIST_FILE = YES;
				MARKETING_VERSION = 1.0;
				PRODUCT_BUNDLE_IDENTIFIER = PingMe.PingMeUITests;
				PRODUCT_NAME = "$(TARGET_NAME)";
				SWIFT_EMIT_LOC_STRINGS = NO;
				SWIFT_VERSION = 5.0;
				TARGETED_DEVICE_FAMILY = "1,2";
				TEST_TARGET_NAME = PingMe;
			};
			name = Debug;
		};
		A1D2C14D2D574C8A002E22C4 /* Release */ = {
			isa = XCBuildConfiguration;
			buildSettings = {
				CODE_SIGN_STYLE = Automatic;
				CURRENT_PROJECT_VERSION = 1;
				GENERATE_INFOPLIST_FILE = YES;
				MARKETING_VERSION = 1.0;
				PRODUCT_BUNDLE_IDENTIFIER = PingMe.PingMeUITests;
				PRODUCT_NAME = "$(TARGET_NAME)";
				SWIFT_EMIT_LOC_STRINGS = NO;
				SWIFT_VERSION = 5.0;
				TARGETED_DEVICE_FAMILY = "1,2";
				TEST_TARGET_NAME = PingMe;
			};
			name = Release;
		};
/* End XCBuildConfiguration section */

/* Begin XCConfigurationList section */
		A1D2C11C2D574C89002E22C4 /* Build configuration list for PBXProject "PingMe" */ = {
			isa = XCConfigurationList;
			buildConfigurations = (
				A1D2C1432D574C8A002E22C4 /* Debug */,
				A1D2C1442D574C8A002E22C4 /* Release */,
			);
			defaultConfigurationIsVisible = 0;
			defaultConfigurationName = Release;
		};
		A1D2C1452D574C8A002E22C4 /* Build configuration list for PBXNativeTarget "PingMe" */ = {
			isa = XCConfigurationList;
			buildConfigurations = (
				A1D2C1462D574C8A002E22C4 /* Debug */,
				A1D2C1472D574C8A002E22C4 /* Release */,
			);
			defaultConfigurationIsVisible = 0;
			defaultConfigurationName = Release;
		};
		A1D2C1482D574C8A002E22C4 /* Build configuration list for PBXNativeTarget "PingMeTests" */ = {
			isa = XCConfigurationList;
			buildConfigurations = (
				A1D2C1492D574C8A002E22C4 /* Debug */,
				A1D2C14A2D574C8A002E22C4 /* Release */,
			);
			defaultConfigurationIsVisible = 0;
			defaultConfigurationName = Release;
		};
		A1D2C14B2D574C8A002E22C4 /* Build configuration list for PBXNativeTarget "PingMeUITests" */ = {
			isa = XCConfigurationList;
			buildConfigurations = (
				A1D2C14C2D574C8A002E22C4 /* Debug */,
				A1D2C14D2D574C8A002E22C4 /* Release */,
			);
			defaultConfigurationIsVisible = 0;
			defaultConfigurationName = Release;
		};
/* End XCConfigurationList section */

/* Begin XCRemoteSwiftPackageReference section */
		A116C89F2D7ADABB00F25995 /* XCRemoteSwiftPackageReference "keychain-swift" */ = {
			isa = XCRemoteSwiftPackageReference;
			repositoryURL = "https://github.com/evgenyneu/keychain-swift.git";
			requirement = {
				kind = upToNextMajorVersion;
				minimumVersion = 24.0.0;
			};
		};
		A18AC1132D76363E0070BE68 /* XCRemoteSwiftPackageReference "SwiftLint" */ = {
			isa = XCRemoteSwiftPackageReference;
			repositoryURL = "https://github.com/realm/SwiftLint";
			requirement = {
				kind = upToNextMajorVersion;
				minimumVersion = 0.58.2;
			};
		};
/* End XCRemoteSwiftPackageReference section */

/* Begin XCSwiftPackageProductDependency section */
		A18AC1602D763BEE0070BE68 /* SwiftLintBuildToolPlugin */ = {
			isa = XCSwiftPackageProductDependency;
			package = A18AC1132D76363E0070BE68 /* XCRemoteSwiftPackageReference "SwiftLint" */;
			productName = "plugin:SwiftLintBuildToolPlugin";
		};
/* End XCSwiftPackageProductDependency section */
	};
	rootObject = A1D2C1192D574C89002E22C4 /* Project object */;
}
